
Microsoft Visual Studio Solution File, Format Version 12.00
# Visual Studio Version 16
VisualStudioVersion = 16.0.29201.188
MinimumVisualStudioVersion = 10.0.40219.1
Project("{9A19103F-16F7-4668-BE54-9A1E7A4F7556}") = "Messages", "Messages\Messages.csproj", "{410A1BB8-E615-45BB-AB2E-7697EF9979C8}"
EndProject
Project("{9A19103F-16F7-4668-BE54-9A1E7A4F7556}") = "Server", "Server\Server.csproj", "{6F58114F-CFD0-405C-A99E-1B70E2EFF9EF}"
EndProject
Project("{9A19103F-16F7-4668-BE54-9A1E7A4F7556}") = "Server.Tests", "Server.Tests\Server.Tests.csproj", "{6EA00E92-166C-49EA-A2AF-8E3B3D5AB866}"
EndProject
Project("{9A19103F-16F7-4668-BE54-9A1E7A4F7556}") = "Common", "Common\Common.csproj", "{2104118E-96D4-4082-946A-BD6EBCA37FA2}"
EndProject
Project("{9A19103F-16F7-4668-BE54-9A1E7A4F7556}") = "Common.Tests", "Common.Tests\Common.Tests.csproj", "{77BEE937-F31C-483C-A845-80B3C8E8B6CA}"
EndProject
Project("{2150E333-8FDC-42A3-9474-1A3956D46DE8}") = "Solution Items", "Solution Items", "{D1084D63-2086-4841-9C7E-C1824516115B}"
	ProjectSection(SolutionItems) = preProject
		.editorconfig = .editorconfig
	EndProjectSection
EndProject
Global
	GlobalSection(SolutionConfigurationPlatforms) = preSolution
		Debug|Any CPU = Debug|Any CPU
		Debug|x86 = Debug|x86
		Release|Any CPU = Release|Any CPU
		Release|x86 = Release|x86
	EndGlobalSection
	GlobalSection(ProjectConfigurationPlatforms) = postSolution
		{410A1BB8-E615-45BB-AB2E-7697EF9979C8}.Debug|Any CPU.ActiveCfg = Debug|Any CPU
		{410A1BB8-E615-45BB-AB2E-7697EF9979C8}.Debug|Any CPU.Build.0 = Debug|Any CPU
		{410A1BB8-E615-45BB-AB2E-7697EF9979C8}.Debug|x86.ActiveCfg = Debug|Any CPU
		{410A1BB8-E615-45BB-AB2E-7697EF9979C8}.Debug|x86.Build.0 = Debug|Any CPU
		{410A1BB8-E615-45BB-AB2E-7697EF9979C8}.Release|Any CPU.ActiveCfg = Release|Any CPU
		{410A1BB8-E615-45BB-AB2E-7697EF9979C8}.Release|Any CPU.Build.0 = Release|Any CPU
		{410A1BB8-E615-45BB-AB2E-7697EF9979C8}.Release|x86.ActiveCfg = Release|Any CPU
		{410A1BB8-E615-45BB-AB2E-7697EF9979C8}.Release|x86.Build.0 = Release|Any CPU
		{6F58114F-CFD0-405C-A99E-1B70E2EFF9EF}.Debug|Any CPU.ActiveCfg = Debug|Any CPU
		{6F58114F-CFD0-405C-A99E-1B70E2EFF9EF}.Debug|Any CPU.Build.0 = Debug|Any CPU
		{6F58114F-CFD0-405C-A99E-1B70E2EFF9EF}.Debug|x86.ActiveCfg = Debug|Any CPU
		{6F58114F-CFD0-405C-A99E-1B70E2EFF9EF}.Debug|x86.Build.0 = Debug|Any CPU
		{6F58114F-CFD0-405C-A99E-1B70E2EFF9EF}.Release|Any CPU.ActiveCfg = Release|Any CPU
		{6F58114F-CFD0-405C-A99E-1B70E2EFF9EF}.Release|Any CPU.Build.0 = Release|Any CPU
		{6F58114F-CFD0-405C-A99E-1B70E2EFF9EF}.Release|x86.ActiveCfg = Release|Any CPU
		{6F58114F-CFD0-405C-A99E-1B70E2EFF9EF}.Release|x86.Build.0 = Release|Any CPU
		{6EA00E92-166C-49EA-A2AF-8E3B3D5AB866}.Debug|Any CPU.ActiveCfg = Debug|Any CPU
		{6EA00E92-166C-49EA-A2AF-8E3B3D5AB866}.Debug|Any CPU.Build.0 = Debug|Any CPU
		{6EA00E92-166C-49EA-A2AF-8E3B3D5AB866}.Debug|x86.ActiveCfg = Debug|Any CPU
		{6EA00E92-166C-49EA-A2AF-8E3B3D5AB866}.Debug|x86.Build.0 = Debug|Any CPU
		{6EA00E92-166C-49EA-A2AF-8E3B3D5AB866}.Release|Any CPU.ActiveCfg = Release|Any CPU
		{6EA00E92-166C-49EA-A2AF-8E3B3D5AB866}.Release|Any CPU.Build.0 = Release|Any CPU
		{6EA00E92-166C-49EA-A2AF-8E3B3D5AB866}.Release|x86.ActiveCfg = Release|Any CPU
		{6EA00E92-166C-49EA-A2AF-8E3B3D5AB866}.Release|x86.Build.0 = Release|Any CPU
		{2104118E-96D4-4082-946A-BD6EBCA37FA2}.Debug|Any CPU.ActiveCfg = Debug|Any CPU
		{2104118E-96D4-4082-946A-BD6EBCA37FA2}.Debug|Any CPU.Build.0 = Debug|Any CPU
		{2104118E-96D4-4082-946A-BD6EBCA37FA2}.Debug|x86.ActiveCfg = Debug|Any CPU
		{2104118E-96D4-4082-946A-BD6EBCA37FA2}.Debug|x86.Build.0 = Debug|Any CPU
		{2104118E-96D4-4082-946A-BD6EBCA37FA2}.Release|Any CPU.ActiveCfg = Release|Any CPU
		{2104118E-96D4-4082-946A-BD6EBCA37FA2}.Release|Any CPU.Build.0 = Release|Any CPU
		{2104118E-96D4-4082-946A-BD6EBCA37FA2}.Release|x86.ActiveCfg = Release|Any CPU
		{2104118E-96D4-4082-946A-BD6EBCA37FA2}.Release|x86.Build.0 = Release|Any CPU
		{77BEE937-F31C-483C-A845-80B3C8E8B6CA}.Debug|Any CPU.ActiveCfg = Debug|Any CPU
		{77BEE937-F31C-483C-A845-80B3C8E8B6CA}.Debug|Any CPU.Build.0 = Debug|Any CPU
		{77BEE937-F31C-483C-A845-80B3C8E8B6CA}.Debug|x86.ActiveCfg = Debug|Any CPU
		{77BEE937-F31C-483C-A845-80B3C8E8B6CA}.Debug|x86.Build.0 = Debug|Any CPU
		{77BEE937-F31C-483C-A845-80B3C8E8B6CA}.Release|Any CPU.ActiveCfg = Release|Any CPU
		{77BEE937-F31C-483C-A845-80B3C8E8B6CA}.Release|Any CPU.Build.0 = Release|Any CPU
		{77BEE937-F31C-483C-A845-80B3C8E8B6CA}.Release|x86.ActiveCfg = Release|Any CPU
		{77BEE937-F31C-483C-A845-80B3C8E8B6CA}.Release|x86.Build.0 = Release|Any CPU
	EndGlobalSection
	GlobalSection(SolutionProperties) = preSolution
		HideSolutionNode = FALSE
	EndGlobalSection
	GlobalSection(ExtensibilityGlobals) = postSolution
		SolutionGuid = {0379370D-9D6F-4246-B103-B2FD61D1CED8}
	EndGlobalSection
EndGlobal
